
Microsoft Visual Studio Solution File, Format Version 12.00
# Visual Studio Version 17
VisualStudioVersion = 17.4.33103.184
MinimumVisualStudioVersion = 10.0.40219.1
Project("{FAE04EC0-301F-11D3-BF4B-00C04F79EFBC}") = "PPPP_lab3", "PPPP_lab3\PPPP_lab3.csproj", "{BD980347-BAFA-4DEC-89CF-145F6066A6AA}"
EndProject
Global
	GlobalSection(SolutionConfigurationPlatforms) = preSolution
		Debug|Any CPU = Debug|Any CPU
		Release|Any CPU = Release|Any CPU
	EndGlobalSection
	GlobalSection(ProjectConfigurationPlatforms) = postSolution
		{BD980347-BAFA-4DEC-89CF-145F6066A6AA}.Debug|Any CPU.ActiveCfg = Debug|Any CPU
		{BD980347-BAFA-4DEC-89CF-145F6066A6AA}.Debug|Any CPU.Build.0 = Debug|Any CPU
		{BD980347-BAFA-4DEC-89CF-145F6066A6AA}.Release|Any CPU.ActiveCfg = Release|Any CPU
		{BD980347-BAFA-4DEC-89CF-145F6066A6AA}.Release|Any CPU.Build.0 = Release|Any CPU
	EndGlobalSection
	GlobalSection(SolutionProperties) = preSolution
		HideSolutionNode = FALSE
	EndGlobalSection
	GlobalSection(ExtensibilityGlobals) = postSolution
		SolutionGuid = {44479D1C-0457-4D29-BE7D-6E5CF0D3F253}
	EndGlobalSection
EndGlobal
